{
    "_readme": [
        "This file locks the dependencies of your project to a known state",
        "Read more about it at https://getcomposer.org/doc/01-basic-usage.md#installing-dependencies",
        "This file is @generated automatically"
    ],
    "content-hash": "078b2fc5dc6c8518632294cef6536fc1",
    "packages": [
        {
            "name": "kirki-framework/url-getter",
            "version": "v1.0.4",
            "source": {
                "type": "git",
                "url": "https://github.com/kirki-framework/url-getter.git",
                "reference": "2b1b464b4ba7d2a3d37094669dd66f20d39fa9e3"
            },
            "dist": {
                "type": "zip",
                "url": "https://api.github.com/repos/kirki-framework/url-getter/zipball/2b1b464b4ba7d2a3d37094669dd66f20d39fa9e3",
                "reference": "2b1b464b4ba7d2a3d37094669dd66f20d39fa9e3",
                "shasum": ""
            },
            "require": {
                "php": ">=5.6"
            },
            "type": "library",
            "autoload": {
                "psr-4": {
                    "Kirki\\": "src"
                }
            },
            "notification-url": "https://packagist.org/downloads/",
            "license": [
                "MIT"
            ],
            "authors": [
                {
                    "name": "Ari Stathopoulos",
                    "email": "aristath@gmail.com",
                    "homepage": "http://aristath.github.io",
                    "role": "Developer"
                }
            ],
            "description": "Helper component to get the URL of a file in WordPress.",
            "homepage": "https://aristath.github.io/kirki",
            "keywords": [
                "wordpress"
            ],
            "time": "2019-09-08T18:32:10+00:00"
        }
    ],
    "packages-dev": [],
    "aliases": [],
    "minimum-stability": "stable",
    "stability-flags": [],
    "prefer-stable": false,
    "prefer-lowest": false,
    "platform": {
        "php": ">=5.6"
    },
    "platform-dev": [],
    "plugin-api-version": "1.1.0"
}
